
Microsoft Visual Studio Solution File, Format Version 12.00
# Visual Studio Version 16
VisualStudioVersion = 16.0.30114.105
MinimumVisualStudioVersion = 10.0.40219.1
Project("{2150E333-8FDC-42A3-9474-1A3956D46DE8}") = "src", "src", "{7F4E8050-5EE9-40A5-8959-3D7846F9BA27}"
EndProject
Project("{2150E333-8FDC-42A3-9474-1A3956D46DE8}") = "Core", "Core", "{5E8AA4A2-954C-44CA-950B-B188F461A762}"
EndProject
Project("{2150E333-8FDC-42A3-9474-1A3956D46DE8}") = "Presentation", "Presentation", "{5D22C3F7-EA7D-4EBD-89D5-261D1408EF36}"
EndProject
Project("{2150E333-8FDC-42A3-9474-1A3956D46DE8}") = "Infrastructure", "Infrastructure", "{F0AF1988-F694-48FF-A218-E803815CD315}"
EndProject
Project("{2150E333-8FDC-42A3-9474-1A3956D46DE8}") = "test", "test", "{8C1A40C4-185B-4D62-98BC-5B9411FB9A31}"
EndProject
Global
	GlobalSection(SolutionProperties) = preSolution
		HideSolutionNode = FALSE
	EndGlobalSection
	GlobalSection(NestedProjects) = preSolution
		{5E8AA4A2-954C-44CA-950B-B188F461A762} = {7F4E8050-5EE9-40A5-8959-3D7846F9BA27}
		{5D22C3F7-EA7D-4EBD-89D5-261D1408EF36} = {7F4E8050-5EE9-40A5-8959-3D7846F9BA27}
		{F0AF1988-F694-48FF-A218-E803815CD315} = {7F4E8050-5EE9-40A5-8959-3D7846F9BA27}
	EndGlobalSection
	GlobalSection(ExtensibilityGlobals) = postSolution
		SolutionGuid = {43DE1B7D-C2E0-4833-821C-6D986B236798}
	EndGlobalSection
EndGlobal
